
Microsoft Visual Studio Solution File, Format Version 12.00
# Visual Studio Version 17
VisualStudioVersion = 17.11.35327.3
MinimumVisualStudioVersion = 10.0.40219.1
Project("{FAE04EC0-301F-11D3-BF4B-00C04F79EFBC}") = "SimuladorMemoria", "SimuladorMemoria\SimuladorMemoria.csproj", "{8C102838-B2FD-4CF8-9358-6ED5B5423D6B}"
EndProject
Global
	GlobalSection(SolutionConfigurationPlatforms) = preSolution
		Debug|Any CPU = Debug|Any CPU
		Release|Any CPU = Release|Any CPU
	EndGlobalSection
	GlobalSection(ProjectConfigurationPlatforms) = postSolution
		{8C102838-B2FD-4CF8-9358-6ED5B5423D6B}.Debug|Any CPU.ActiveCfg = Debug|Any CPU
		{8C102838-B2FD-4CF8-9358-6ED5B5423D6B}.Debug|Any CPU.Build.0 = Debug|Any CPU
		{8C102838-B2FD-4CF8-9358-6ED5B5423D6B}.Release|Any CPU.ActiveCfg = Release|Any CPU
		{8C102838-B2FD-4CF8-9358-6ED5B5423D6B}.Release|Any CPU.Build.0 = Release|Any CPU
	EndGlobalSection
	GlobalSection(SolutionProperties) = preSolution
		HideSolutionNode = FALSE
	EndGlobalSection
	GlobalSection(ExtensibilityGlobals) = postSolution
		SolutionGuid = {74D8C63B-CE4C-4BCD-936C-4D0AB3D1115F}
	EndGlobalSection
EndGlobal
